<?xml version="1.0" encoding="utf-8"?>
<Project ToolsVersion="4.0" xmlns="http://schemas.microsoft.com/developer/msbuild/2003">
  <ItemGroup>
    <Filter Include="Fichiers sources">
      <UniqueIdentifier>{4FC737F1-C7A5-4376-A066-2A32D752A2FF}</UniqueIdentifier>
      <Extensions>cpp;c;cc;cxx;c++;cppm;ixx;def;odl;idl;hpj;bat;asm;asmx</Extensions>
    </Filter>
    <Filter Include="Fichiers d%27en-tête">
      <UniqueIdentifier>{93995380-89BD-4b04-88EB-625FBE52EBFB}</UniqueIdentifier>
      <Extensions>h;hh;hpp;hxx;h++;hm;inl;inc;ipp;xsd</Extensions>
    </Filter>
    <Filter Include="Fichiers de ressources">
      <UniqueIdentifier>{67DA6AB6-F800-4c08-8B7A-83BB121AAD01}</UniqueIdentifier>
      <Extensions>rc;ico;cur;bmp;dlg;rc2;rct;bin;rgs;gif;jpg;jpeg;jpe;resx;tiff;tif;png;wav;mfcribbon-ms</Extensions>
    </Filter>
    <Filter Include="Fichiers de ressources\Stock">
      <UniqueIdentifier>{aefbdca2-bdb1-4833-a57a-50a495592e08}</UniqueIdentifier>
    </Filter>
    <Filter Include="Fichiers de ressources\Adresse">
      <UniqueIdentifier>{992d9c9a-606d-42bd-be57-fcaf38a3b5bc}</UniqueIdentifier>
    </Filter>
    <Filter Include="Fichiers de ressources\Client">
      <UniqueIdentifier>{14a06a2d-ffed-44b9-ad3c-0afe389548b4}</UniqueIdentifier>
    </Filter>
    <Filter Include="Fichiers de ressources\Personnel">
      <UniqueIdentifier>{34884c75-db0c-4523-bdd2-7cad76881625}</UniqueIdentifier>
    </Filter>
    <Filter Include="Fichiers de ressources\Commande">
      <UniqueIdentifier>{3c4dfef0-7408-4cce-ac14-22d0736491fb}</UniqueIdentifier>
    </Filter>
    <Filter Include="Fichiers de ressources\Statistique">
      <UniqueIdentifier>{b791cb48-e5de-4472-a483-789e643733a7}</UniqueIdentifier>
    </Filter>
    <Filter Include="Fichiers de ressources\Commande\Commande">
      <UniqueIdentifier>{158d4814-5b3e-48ab-aa8f-d1a4d5d524d2}</UniqueIdentifier>
    </Filter>
    <Filter Include="Fichiers de ressources\Commande\Paiement">
      <UniqueIdentifier>{ea59301d-137a-45a0-9574-af9fe8eb988f}</UniqueIdentifier>
    </Filter>
    <Filter Include="Fichiers de ressources\Commande\Livraison">
      <UniqueIdentifier>{dd2f3f90-d037-4eb4-a9c9-3f93c48cce6b}</UniqueIdentifier>
    </Filter>
    <Filter Include="Fichiers de ressources\Commande\Panier">
      <UniqueIdentifier>{21671e3a-9095-47f3-aeb0-d5234359ae2b}</UniqueIdentifier>
    </Filter>
  </ItemGroup>
  <ItemGroup>
    <ClCompile Include="ClasseStock.cpp">
      <Filter>Fichiers sources</Filter>
    </ClCompile>
    <ClCompile Include="Personnel.cpp">
      <Filter>Fichiers sources</Filter>
    </ClCompile>
    <ClCompile Include="Client.cpp">
      <Filter>Fichiers sources</Filter>
    </ClCompile>
    <ClCompile Include="MyForm.cpp">
      <Filter>Fichiers sources</Filter>
    </ClCompile>
    <ClCompile Include="ClasseCommande.cpp">
      <Filter>Fichiers sources</Filter>
    </ClCompile>
    <ClCompile Include="Statistique.cpp">
      <Filter>Fichiers sources</Filter>
    </ClCompile>
    <ClCompile Include="Affichage.cpp">
      <Filter>Fichiers sources</Filter>
    </ClCompile>
  </ItemGroup>
  <ItemGroup>
    <ClInclude Include="ClasseStock.h">
      <Filter>Fichiers d%27en-tête</Filter>
    </ClInclude>
    <ClInclude Include="Personnel.h">
      <Filter>Fichiers d%27en-tête</Filter>
    </ClInclude>
    <ClInclude Include="Client.h">
      <Filter>Fichiers d%27en-tête</Filter>
    </ClInclude>
    <ClInclude Include="MyForm.h">
      <Filter>Fichiers sources</Filter>
    </ClInclude>
    <ClInclude Include="ClasseCommande.h">
      <Filter>Fichiers d%27en-tête</Filter>
    </ClInclude>
    <ClInclude Include="Statistique.h">
      <Filter>Fichiers d%27en-tête</Filter>
    </ClInclude>
    <ClInclude Include="Affichage.h">
      <Filter>Fichiers d%27en-tête</Filter>
    </ClInclude>
  </ItemGroup>
  <ItemGroup>
    <None Include="AfficherStock.sql">
      <Filter>Fichiers de ressources\Stock</Filter>
    </None>
    <None Include="AjouterStock.sql">
      <Filter>Fichiers de ressources\Stock</Filter>
    </None>
    <None Include="ModifierStock.sql">
      <Filter>Fichiers de ressources\Stock</Filter>
    </None>
    <None Include="RetirerStock.sql">
      <Filter>Fichiers de ressources\Stock</Filter>
    </None>
    <None Include="AjouterClient.sql">
      <Filter>Fichiers de ressources\Client</Filter>
    </None>
    <None Include="ModifierClient.sql">
      <Filter>Fichiers de ressources\Client</Filter>
    </None>
    <None Include="RetirerClient.sql">
      <Filter>Fichiers de ressources\Client</Filter>
    </None>
    <None Include="AjouterAdresse.sql">
      <Filter>Fichiers de ressources\Adresse</Filter>
    </None>
    <None Include="ModifierAdresse.sql">
      <Filter>Fichiers de ressources\Adresse</Filter>
    </None>
    <None Include="RetirerAdresse.sql">
      <Filter>Fichiers de ressources\Adresse</Filter>
    </None>
    <None Include="UpdateNBAchat.sql">
      <Filter>Fichiers de ressources\Client</Filter>
    </None>
    <None Include="AjouterPersonnel.sql">
      <Filter>Fichiers de ressources\Personnel</Filter>
    </None>
    <None Include="ModifierPersonnel.sql">
      <Filter>Fichiers de ressources\Personnel</Filter>
    </None>
    <None Include="RetirerPersonnel.sql">
      <Filter>Fichiers de ressources\Personnel</Filter>
    </None>
    <None Include="AfficherPersonnel.sql">
      <Filter>Fichiers de ressources\Personnel</Filter>
    </None>
    <None Include="AfficherArticle.sql">
      <Filter>Fichiers de ressources\Stock</Filter>
    </None>
    <None Include="ProduitSousReapro.sql">
      <Filter>Fichiers de ressources\Statistique</Filter>
    </None>
    <None Include="AfficherAdresse.sql">
      <Filter>Fichiers de ressources\Commande\Livraison</Filter>
    </None>
    <None Include="AfficherCommande.sql">
      <Filter>Fichiers de ressources\Commande\Commande</Filter>
    </None>
    <None Include="AfficherPaiement.sql">
      <Filter>Fichiers de ressources\Commande\Paiement</Filter>
    </None>
    <None Include="AfficherPanier.sql">
      <Filter>Fichiers de ressources\Commande\Panier</Filter>
    </None>
    <None Include="AjouterCommande.sql">
      <Filter>Fichiers de ressources\Commande\Commande</Filter>
    </None>
    <None Include="ModifierCommande.sql">
      <Filter>Fichiers de ressources\Commande\Commande</Filter>
    </None>
    <None Include="PanierAjout.sql">
      <Filter>Fichiers de ressources\Commande\Panier</Filter>
    </None>
    <None Include="PanierDynamiqueRefresh.sql">
      <Filter>Fichiers de ressources\Commande\Panier</Filter>
    </None>
    <None Include="PanierRetirer.sql">
      <Filter>Fichiers de ressources\Commande\Panier</Filter>
    </None>
    <None Include="RetirerCommande.sql">
      <Filter>Fichiers de ressources\Commande\Commande</Filter>
    </None>
    <None Include="AjouterPaiement.sql">
      <Filter>Fichiers de ressources\Commande\Paiement</Filter>
    </None>
  </ItemGroup>
</Project>